
Microsoft Visual Studio Solution File, Format Version 12.00
# Visual Studio 15
Project("{FAE04EC0-301F-11D3-BF4B-00C04F79EFBC}") = "AccountTests", "AccountTests\AccountTests.csproj", "{46DF8362-812A-4035-A30F-8237DDA9EF20}"
EndProject
Project("{FAE04EC0-301F-11D3-BF4B-00C04F79EFBC}") = "ShortConsoleApplications", "ShortConsoleApplications\ShortConsoleApplications.csproj", "{3F870899-6BF5-43B7-B3B4-B31989819AE9}"
EndProject
Global
	GlobalSection(SolutionConfigurationPlatforms) = preSolution
		Debug|Any CPU = Debug|Any CPU
		Release|Any CPU = Release|Any CPU
	EndGlobalSection
	GlobalSection(ProjectConfigurationPlatforms) = postSolution
		{46DF8362-812A-4035-A30F-8237DDA9EF20}.Debug|Any CPU.ActiveCfg = Debug|Any CPU
		{46DF8362-812A-4035-A30F-8237DDA9EF20}.Debug|Any CPU.Build.0 = Debug|Any CPU
		{46DF8362-812A-4035-A30F-8237DDA9EF20}.Release|Any CPU.ActiveCfg = Release|Any CPU
		{46DF8362-812A-4035-A30F-8237DDA9EF20}.Release|Any CPU.Build.0 = Release|Any CPU
		{3F870899-6BF5-43B7-B3B4-B31989819AE9}.Debug|Any CPU.ActiveCfg = Debug|Any CPU
		{3F870899-6BF5-43B7-B3B4-B31989819AE9}.Debug|Any CPU.Build.0 = Debug|Any CPU
		{3F870899-6BF5-43B7-B3B4-B31989819AE9}.Release|Any CPU.ActiveCfg = Release|Any CPU
		{3F870899-6BF5-43B7-B3B4-B31989819AE9}.Release|Any CPU.Build.0 = Release|Any CPU
	EndGlobalSection
EndGlobal
